
Microsoft Visual Studio Solution File, Format Version 12.00
# Visual Studio 15
VisualStudioVersion = 15.0.26430.12
MinimumVisualStudioVersion = 10.0.40219.1
Project("{FAE04EC0-301F-11D3-BF4B-00C04F79EFBC}") = "DiscountCrazyAdmin.WebServiceApi", "DiscountCrazyAdmin\DiscountCrazyAdmin.WebServiceApi.csproj", "{A3F906D6-DA03-4313-8F67-9B8A6DF01344}"
EndProject
Project("{FAE04EC0-301F-11D3-BF4B-00C04F79EFBC}") = "DiscountCrazyAdmin.Service", "DiscountCrazyAdmin.Domain\DiscountCrazyAdmin.Service.csproj", "{C0FCC038-E7B6-4293-9B66-4C482F7FA702}"
EndProject
Project("{FAE04EC0-301F-11D3-BF4B-00C04F79EFBC}") = "DiscountCrazyAdmin.Core", "DiscountCrazyAdmin.Core\DiscountCrazyAdmin.Core.csproj", "{225F1DB6-928C-4E2A-B81F-CC48E481C8D4}"
EndProject
Project("{FAE04EC0-301F-11D3-BF4B-00C04F79EFBC}") = "DiscountCrazyAdmin.Data", "DiscountCrazyAdmin.Data\DiscountCrazyAdmin.Data.csproj", "{6A50F5A7-243F-4C36-A2A9-843CC266F2BC}"
EndProject
Global
	GlobalSection(SolutionConfigurationPlatforms) = preSolution
		Debug|Any CPU = Debug|Any CPU
		Release|Any CPU = Release|Any CPU
	EndGlobalSection
	GlobalSection(ProjectConfigurationPlatforms) = postSolution
		{A3F906D6-DA03-4313-8F67-9B8A6DF01344}.Debug|Any CPU.ActiveCfg = Debug|Any CPU
		{A3F906D6-DA03-4313-8F67-9B8A6DF01344}.Debug|Any CPU.Build.0 = Debug|Any CPU
		{A3F906D6-DA03-4313-8F67-9B8A6DF01344}.Release|Any CPU.ActiveCfg = Release|Any CPU
		{A3F906D6-DA03-4313-8F67-9B8A6DF01344}.Release|Any CPU.Build.0 = Release|Any CPU
		{C0FCC038-E7B6-4293-9B66-4C482F7FA702}.Debug|Any CPU.ActiveCfg = Debug|Any CPU
		{C0FCC038-E7B6-4293-9B66-4C482F7FA702}.Debug|Any CPU.Build.0 = Debug|Any CPU
		{C0FCC038-E7B6-4293-9B66-4C482F7FA702}.Release|Any CPU.ActiveCfg = Release|Any CPU
		{C0FCC038-E7B6-4293-9B66-4C482F7FA702}.Release|Any CPU.Build.0 = Release|Any CPU
		{225F1DB6-928C-4E2A-B81F-CC48E481C8D4}.Debug|Any CPU.ActiveCfg = Debug|Any CPU
		{225F1DB6-928C-4E2A-B81F-CC48E481C8D4}.Debug|Any CPU.Build.0 = Debug|Any CPU
		{225F1DB6-928C-4E2A-B81F-CC48E481C8D4}.Release|Any CPU.ActiveCfg = Release|Any CPU
		{225F1DB6-928C-4E2A-B81F-CC48E481C8D4}.Release|Any CPU.Build.0 = Release|Any CPU
		{6A50F5A7-243F-4C36-A2A9-843CC266F2BC}.Debug|Any CPU.ActiveCfg = Debug|Any CPU
		{6A50F5A7-243F-4C36-A2A9-843CC266F2BC}.Debug|Any CPU.Build.0 = Debug|Any CPU
		{6A50F5A7-243F-4C36-A2A9-843CC266F2BC}.Release|Any CPU.ActiveCfg = Release|Any CPU
		{6A50F5A7-243F-4C36-A2A9-843CC266F2BC}.Release|Any CPU.Build.0 = Release|Any CPU
	EndGlobalSection
	GlobalSection(SolutionProperties) = preSolution
		HideSolutionNode = FALSE
	EndGlobalSection
EndGlobal
